
Microsoft Visual Studio Solution File, Format Version 12.00
# Visual Studio Version 17
VisualStudioVersion = 17.6.33801.468
MinimumVisualStudioVersion = 10.0.40219.1
Project("{FAE04EC0-301F-11D3-BF4B-00C04F79EFBC}") = "MMAPTest", "MMAPTest\MMAPTest.csproj", "{6BD9B7E8-B014-46D8-AB74-FECC5D62C61D}"
EndProject
Global
	GlobalSection(SolutionConfigurationPlatforms) = preSolution
		Debug|Any CPU = Debug|Any CPU
		Release|Any CPU = Release|Any CPU
	EndGlobalSection
	GlobalSection(ProjectConfigurationPlatforms) = postSolution
		{6BD9B7E8-B014-46D8-AB74-FECC5D62C61D}.Debug|Any CPU.ActiveCfg = Debug|Any CPU
		{6BD9B7E8-B014-46D8-AB74-FECC5D62C61D}.Debug|Any CPU.Build.0 = Debug|Any CPU
		{6BD9B7E8-B014-46D8-AB74-FECC5D62C61D}.Release|Any CPU.ActiveCfg = Release|Any CPU
		{6BD9B7E8-B014-46D8-AB74-FECC5D62C61D}.Release|Any CPU.Build.0 = Release|Any CPU
	EndGlobalSection
	GlobalSection(SolutionProperties) = preSolution
		HideSolutionNode = FALSE
	EndGlobalSection
	GlobalSection(ExtensibilityGlobals) = postSolution
		SolutionGuid = {4B9D36D5-8E44-4352-A468-39A08CC8DE9C}
	EndGlobalSection
EndGlobal
